// !$*UTF8*$!
{
	archiveVersion = 1;
	classes = {
	};
	objectVersion = 46;
	objects = {

/* Begin PBXBuildFile section */
		BE3C0CDC1B4BAAD100E09AC3 /* main.m in Sources */ = {isa = PBXBuildFile; fileRef = BE3C0CDB1B4BAAD100E09AC3 /* main.m */; };
		BE3C0CDF1B4BAAD100E09AC3 /* AppDelegate.m in Sources */ = {isa = PBXBuildFile; fileRef = BE3C0CDE1B4BAAD100E09AC3 /* AppDelegate.m */; };
		BE3C0CE51B4BAAD100E09AC3 /* Main.storyboard in Resources */ = {isa = PBXBuildFile; fileRef = BE3C0CE31B4BAAD100E09AC3 /* Main.storyboard */; };
		BE3C0CE71B4BAAD100E09AC3 /* Images.xcassets in Resources */ = {isa = PBXBuildFile; fileRef = BE3C0CE61B4BAAD100E09AC3 /* Images.xcassets */; };
		BE3C0CEA1B4BAAD100E09AC3 /* LaunchScreen.xib in Resources */ = {isa = PBXBuildFile; fileRef = BE3C0CE81B4BAAD100E09AC3 /* LaunchScreen.xib */; };
		BE3C0CF61B4BAAD100E09AC3 /* employmentTests.m in Sources */ = {isa = PBXBuildFile; fileRef = BE3C0CF51B4BAAD100E09AC3 /* employmentTests.m */; };
		BE5BC4931B4BB3F300529524 /* NEYearStat.m in Sources */ = {isa = PBXBuildFile; fileRef = BE5BC4921B4BB3F300529524 /* NEYearStat.m */; };
		BE5BC4961B4BB43100529524 /* NEMonthStat.m in Sources */ = {isa = PBXBuildFile; fileRef = BE5BC4951B4BB43100529524 /* NEMonthStat.m */; };
		BE5BC4991B4BB96800529524 /* NERemoteDataHelper.m in Sources */ = {isa = PBXBuildFile; fileRef = BE5BC4981B4BB96800529524 /* NERemoteDataHelper.m */; };
		BE6640B31B4E08D900E3EEDC /* CoreData.framework in Frameworks */ = {isa = PBXBuildFile; fileRef = BE6640B21B4E08D900E3EEDC /* CoreData.framework */; };
		BE6640B91B4E0A9D00E3EEDC /* NECoreDataHelper.m in Sources */ = {isa = PBXBuildFile; fileRef = BE6640B81B4E0A9D00E3EEDC /* NECoreDataHelper.m */; };
		BE6D8C131B4F56D100F08E70 /* NEMonthTableViewController.m in Sources */ = {isa = PBXBuildFile; fileRef = BE6D8C121B4F56D100F08E70 /* NEMonthTableViewController.m */; };
		BEB136601B4BAC0D001408A5 /* nyc.png in Resources */ = {isa = PBXBuildFile; fileRef = BEB1365F1B4BAC0D001408A5 /* nyc.png */; };
		BEB136661B4BAD37001408A5 /* NEYearTableViewController.m in Sources */ = {isa = PBXBuildFile; fileRef = BEB136651B4BAD37001408A5 /* NEYearTableViewController.m */; };
		D0B2DFD20BE9B76FB3F70C52 /* libPods.a in Frameworks */ = {isa = PBXBuildFile; fileRef = 866368EB32BFC4F7A8ACB1FF /* libPods.a */; };
/* End PBXBuildFile section */

/* Begin PBXContainerItemProxy section */
		BE3C0CF01B4BAAD100E09AC3 /* PBXContainerItemProxy */ = {
			isa = PBXContainerItemProxy;
			containerPortal = BE3C0CCE1B4BAAD100E09AC3 /* Project object */;
			proxyType = 1;
			remoteGlobalIDString = BE3C0CD51B4BAAD100E09AC3;
			remoteInfo = employment;
		};
/* End PBXContainerItemProxy section */

/* Begin PBXFileReference section */
		866368EB32BFC4F7A8ACB1FF /* libPods.a */ = {isa = PBXFileReference; explicitFileType = archive.ar; includeInIndex = 0; path = libPods.a; sourceTree = BUILT_PRODUCTS_DIR; };
		BE3C0CD61B4BAAD100E09AC3 /* employment.app */ = {isa = PBXFileReference; explicitFileType = wrapper.application; includeInIndex = 0; path = employment.app; sourceTree = BUILT_PRODUCTS_DIR; };
		BE3C0CDA1B4BAAD100E09AC3 /* Info.plist */ = {isa = PBXFileReference; lastKnownFileType = text.plist.xml; path = Info.plist; sourceTree = "<group>"; };
		BE3C0CDB1B4BAAD100E09AC3 /* main.m */ = {isa = PBXFileReference; lastKnownFileType = sourcecode.c.objc; path = main.m; sourceTree = "<group>"; };
		BE3C0CDD1B4BAAD100E09AC3 /* AppDelegate.h */ = {isa = PBXFileReference; lastKnownFileType = sourcecode.c.h; path = AppDelegate.h; sourceTree = "<group>"; };
		BE3C0CDE1B4BAAD100E09AC3 /* AppDelegate.m */ = {isa = PBXFileReference; lastKnownFileType = sourcecode.c.objc; path = AppDelegate.m; sourceTree = "<group>"; };
		BE3C0CE41B4BAAD100E09AC3 /* Base */ = {isa = PBXFileReference; lastKnownFileType = file.storyboard; name = Base; path = Base.lproj/Main.storyboard; sourceTree = "<group>"; };
		BE3C0CE61B4BAAD100E09AC3 /* Images.xcassets */ = {isa = PBXFileReference; lastKnownFileType = folder.assetcatalog; path = Images.xcassets; sourceTree = "<group>"; };
		BE3C0CE91B4BAAD100E09AC3 /* Base */ = {isa = PBXFileReference; lastKnownFileType = file.xib; name = Base; path = Base.lproj/LaunchScreen.xib; sourceTree = "<group>"; };
		BE3C0CEF1B4BAAD100E09AC3 /* employmentTests.xctest */ = {isa = PBXFileReference; explicitFileType = wrapper.cfbundle; includeInIndex = 0; path = employmentTests.xctest; sourceTree = BUILT_PRODUCTS_DIR; };
		BE3C0CF41B4BAAD100E09AC3 /* Info.plist */ = {isa = PBXFileReference; lastKnownFileType = text.plist.xml; path = Info.plist; sourceTree = "<group>"; };
		BE3C0CF51B4BAAD100E09AC3 /* employmentTests.m */ = {isa = PBXFileReference; lastKnownFileType = sourcecode.c.objc; path = employmentTests.m; sourceTree = "<group>"; };
		BE5BC4911B4BB3F300529524 /* NEYearStat.h */ = {isa = PBXFileReference; fileEncoding = 4; lastKnownFileType = sourcecode.c.h; path = NEYearStat.h; sourceTree = "<group>"; };
		BE5BC4921B4BB3F300529524 /* NEYearStat.m */ = {isa = PBXFileReference; fileEncoding = 4; lastKnownFileType = sourcecode.c.objc; path = NEYearStat.m; sourceTree = "<group>"; };
		BE5BC4941B4BB43100529524 /* NEMonthStat.h */ = {isa = PBXFileReference; fileEncoding = 4; lastKnownFileType = sourcecode.c.h; path = NEMonthStat.h; sourceTree = "<group>"; };
		BE5BC4951B4BB43100529524 /* NEMonthStat.m */ = {isa = PBXFileReference; fileEncoding = 4; lastKnownFileType = sourcecode.c.objc; path = NEMonthStat.m; sourceTree = "<group>"; };
		BE5BC4971B4BB96800529524 /* NERemoteDataHelper.h */ = {isa = PBXFileReference; fileEncoding = 4; lastKnownFileType = sourcecode.c.h; path = NERemoteDataHelper.h; sourceTree = "<group>"; };
		BE5BC4981B4BB96800529524 /* NERemoteDataHelper.m */ = {isa = PBXFileReference; fileEncoding = 4; lastKnownFileType = sourcecode.c.objc; path = NERemoteDataHelper.m; sourceTree = "<group>"; };
		BE6640B21B4E08D900E3EEDC /* CoreData.framework */ = {isa = PBXFileReference; lastKnownFileType = wrapper.framework; name = CoreData.framework; path = System/Library/Frameworks/CoreData.framework; sourceTree = SDKROOT; };
		BE6640B71B4E0A9D00E3EEDC /* NECoreDataHelper.h */ = {isa = PBXFileReference; fileEncoding = 4; lastKnownFileType = sourcecode.c.h; path = NECoreDataHelper.h; sourceTree = "<group>"; };
		BE6640B81B4E0A9D00E3EEDC /* NECoreDataHelper.m */ = {isa = PBXFileReference; fileEncoding = 4; lastKnownFileType = sourcecode.c.objc; path = NECoreDataHelper.m; sourceTree = "<group>"; };
		BE6D8C111B4F56D100F08E70 /* NEMonthTableViewController.h */ = {isa = PBXFileReference; fileEncoding = 4; lastKnownFileType = sourcecode.c.h; path = NEMonthTableViewController.h; sourceTree = "<group>"; };
		BE6D8C121B4F56D100F08E70 /* NEMonthTableViewController.m */ = {isa = PBXFileReference; fileEncoding = 4; lastKnownFileType = sourcecode.c.objc; path = NEMonthTableViewController.m; sourceTree = "<group>"; };
		BEB1365F1B4BAC0D001408A5 /* nyc.png */ = {isa = PBXFileReference; lastKnownFileType = image.png; path = nyc.png; sourceTree = SOURCE_ROOT; };
		BEB136641B4BAD37001408A5 /* NEYearTableViewController.h */ = {isa = PBXFileReference; fileEncoding = 4; lastKnownFileType = sourcecode.c.h; path = NEYearTableViewController.h; sourceTree = "<group>"; };
		BEB136651B4BAD37001408A5 /* NEYearTableViewController.m */ = {isa = PBXFileReference; fileEncoding = 4; lastKnownFileType = sourcecode.c.objc; path = NEYearTableViewController.m; sourceTree = "<group>"; };
		C2222F19A8D661C4B098D1D9 /* Pods.debug.xcconfig */ = {isa = PBXFileReference; includeInIndex = 1; lastKnownFileType = text.xcconfig; name = Pods.debug.xcconfig; path = "Pods/Target Support Files/Pods/Pods.debug.xcconfig"; sourceTree = "<group>"; };
		D21CC505BF7B1D15D4F4059C /* Pods.release.xcconfig */ = {isa = PBXFileReference; includeInIndex = 1; lastKnownFileType = text.xcconfig; name = Pods.release.xcconfig; path = "Pods/Target Support Files/Pods/Pods.release.xcconfig"; sourceTree = "<group>"; };
/* End PBXFileReference section */

/* Begin PBXFrameworksBuildPhase section */
		BE3C0CD31B4BAAD100E09AC3 /* Frameworks */ = {
			isa = PBXFrameworksBuildPhase;
			buildActionMask = 2147483647;
			files = (
				BE6640B31B4E08D900E3EEDC /* CoreData.framework in Frameworks */,
				D0B2DFD20BE9B76FB3F70C52 /* libPods.a in Frameworks */,
			);
			runOnlyForDeploymentPostprocessing = 0;
		};
		BE3C0CEC1B4BAAD100E09AC3 /* Frameworks */ = {
			isa = PBXFrameworksBuildPhase;
			buildActionMask = 2147483647;
			files = (
			);
			runOnlyForDeploymentPostprocessing = 0;
		};
/* End PBXFrameworksBuildPhase section */

/* Begin PBXGroup section */
		21D48607AC148AEE89741685 /* Frameworks */ = {
			isa = PBXGroup;
			children = (
				BE6640B21B4E08D900E3EEDC /* CoreData.framework */,
				866368EB32BFC4F7A8ACB1FF /* libPods.a */,
			);
			name = Frameworks;
			sourceTree = "<group>";
		};
		BE1D915C1B4F785E00D7CBDE /* Views */ = {
			isa = PBXGroup;
			children = (
			);
			name = Views;
			sourceTree = "<group>";
		};
		BE3C0CCD1B4BAAD100E09AC3 = {
			isa = PBXGroup;
			children = (
				BE3C0CD81B4BAAD100E09AC3 /* employment */,
				BE3C0CF21B4BAAD100E09AC3 /* employmentTests */,
				BE3C0CD71B4BAAD100E09AC3 /* Products */,
				C917E8E98CFCCDAFD259369B /* Pods */,
				21D48607AC148AEE89741685 /* Frameworks */,
			);
			sourceTree = "<group>";
		};
		BE3C0CD71B4BAAD100E09AC3 /* Products */ = {
			isa = PBXGroup;
			children = (
				BE3C0CD61B4BAAD100E09AC3 /* employment.app */,
				BE3C0CEF1B4BAAD100E09AC3 /* employmentTests.xctest */,
			);
			name = Products;
			sourceTree = "<group>";
		};
		BE3C0CD81B4BAAD100E09AC3 /* employment */ = {
			isa = PBXGroup;
			children = (
				BE1D915C1B4F785E00D7CBDE /* Views */,
				BE6640B71B4E0A9D00E3EEDC /* NECoreDataHelper.h */,
				BE6640B81B4E0A9D00E3EEDC /* NECoreDataHelper.m */,
				BE6640B51B4E0A4300E3EEDC /* Controllers */,
				BE6640B41B4E09B100E3EEDC /* Models */,
				BE3C0CDD1B4BAAD100E09AC3 /* AppDelegate.h */,
				BE3C0CDE1B4BAAD100E09AC3 /* AppDelegate.m */,
				BE3C0CE31B4BAAD100E09AC3 /* Main.storyboard */,
				BEB1365F1B4BAC0D001408A5 /* nyc.png */,
				BE3C0CE61B4BAAD100E09AC3 /* Images.xcassets */,
				BE3C0CE81B4BAAD100E09AC3 /* LaunchScreen.xib */,
				BE3C0CD91B4BAAD100E09AC3 /* Supporting Files */,
				BE5BC4971B4BB96800529524 /* NERemoteDataHelper.h */,
				BE5BC4981B4BB96800529524 /* NERemoteDataHelper.m */,
			);
			path = employment;
			sourceTree = "<group>";
		};
		BE3C0CD91B4BAAD100E09AC3 /* Supporting Files */ = {
			isa = PBXGroup;
			children = (
				BE3C0CDA1B4BAAD100E09AC3 /* Info.plist */,
				BE3C0CDB1B4BAAD100E09AC3 /* main.m */,
			);
			name = "Supporting Files";
			sourceTree = "<group>";
		};
		BE3C0CF21B4BAAD100E09AC3 /* employmentTests */ = {
			isa = PBXGroup;
			children = (
				BE3C0CF51B4BAAD100E09AC3 /* employmentTests.m */,
				BE3C0CF31B4BAAD100E09AC3 /* Supporting Files */,
			);
			path = employmentTests;
			sourceTree = "<group>";
		};
		BE3C0CF31B4BAAD100E09AC3 /* Supporting Files */ = {
			isa = PBXGroup;
			children = (
				BE3C0CF41B4BAAD100E09AC3 /* Info.plist */,
			);
			name = "Supporting Files";
			sourceTree = "<group>";
		};
		BE6640B41B4E09B100E3EEDC /* Models */ = {
			isa = PBXGroup;
			children = (
				BE5BC4911B4BB3F300529524 /* NEYearStat.h */,
				BE5BC4921B4BB3F300529524 /* NEYearStat.m */,
				BE5BC4941B4BB43100529524 /* NEMonthStat.h */,
				BE5BC4951B4BB43100529524 /* NEMonthStat.m */,
			);
			name = Models;
			sourceTree = "<group>";
		};
		BE6640B51B4E0A4300E3EEDC /* Controllers */ = {
			isa = PBXGroup;
			children = (
				BEB136641B4BAD37001408A5 /* NEYearTableViewController.h */,
				BEB136651B4BAD37001408A5 /* NEYearTableViewController.m */,
				BE6D8C111B4F56D100F08E70 /* NEMonthTableViewController.h */,
				BE6D8C121B4F56D100F08E70 /* NEMonthTableViewController.m */,
			);
			name = Controllers;
			sourceTree = "<group>";
		};
		C917E8E98CFCCDAFD259369B /* Pods */ = {
			isa = PBXGroup;
			children = (
				C2222F19A8D661C4B098D1D9 /* Pods.debug.xcconfig */,
				D21CC505BF7B1D15D4F4059C /* Pods.release.xcconfig */,
			);
			name = Pods;
			sourceTree = "<group>";
		};
/* End PBXGroup section */

/* Begin PBXNativeTarget section */
		BE3C0CD51B4BAAD100E09AC3 /* employment */ = {
			isa = PBXNativeTarget;
			buildConfigurationList = BE3C0CF91B4BAAD100E09AC3 /* Build configuration list for PBXNativeTarget "employment" */;
			buildPhases = (
				0211D78B29AB85087C498B1E /* Check Pods Manifest.lock */,
				BE3C0CD21B4BAAD100E09AC3 /* Sources */,
				BE3C0CD31B4BAAD100E09AC3 /* Frameworks */,
				BE3C0CD41B4BAAD100E09AC3 /* Resources */,
				DAFF031F955F1638FCD0B718 /* Copy Pods Resources */,
			);
			buildRules = (
			);
			dependencies = (
			);
			name = employment;
			productName = employment;
			productReference = BE3C0CD61B4BAAD100E09AC3 /* employment.app */;
			productType = "com.apple.product-type.application";
		};
		BE3C0CEE1B4BAAD100E09AC3 /* employmentTests */ = {
			isa = PBXNativeTarget;
			buildConfigurationList = BE3C0CFC1B4BAAD100E09AC3 /* Build configuration list for PBXNativeTarget "employmentTests" */;
			buildPhases = (
				BE3C0CEB1B4BAAD100E09AC3 /* Sources */,
				BE3C0CEC1B4BAAD100E09AC3 /* Frameworks */,
				BE3C0CED1B4BAAD100E09AC3 /* Resources */,
			);
			buildRules = (
			);
			dependencies = (
				BE3C0CF11B4BAAD100E09AC3 /* PBXTargetDependency */,
			);
			name = employmentTests;
			productName = employmentTests;
			productReference = BE3C0CEF1B4BAAD100E09AC3 /* employmentTests.xctest */;
			productType = "com.apple.product-type.bundle.unit-test";
		};
/* End PBXNativeTarget section */

/* Begin PBXProject section */
		BE3C0CCE1B4BAAD100E09AC3 /* Project object */ = {
			isa = PBXProject;
			attributes = {
				LastUpgradeCheck = 0640;
				ORGANIZATIONNAME = TEDMate;
				TargetAttributes = {
					BE3C0CD51B4BAAD100E09AC3 = {
						CreatedOnToolsVersion = 6.4;
						DevelopmentTeam = 33KNUNK842;
					};
					BE3C0CEE1B4BAAD100E09AC3 = {
						CreatedOnToolsVersion = 6.4;
						TestTargetID = BE3C0CD51B4BAAD100E09AC3;
					};
				};
			};
			buildConfigurationList = BE3C0CD11B4BAAD100E09AC3 /* Build configuration list for PBXProject "employment" */;
			compatibilityVersion = "Xcode 3.2";
			developmentRegion = English;
			hasScannedForEncodings = 0;
			knownRegions = (
				en,
				Base,
			);
			mainGroup = BE3C0CCD1B4BAAD100E09AC3;
			productRefGroup = BE3C0CD71B4BAAD100E09AC3 /* Products */;
			projectDirPath = "";
			projectRoot = "";
			targets = (
				BE3C0CD51B4BAAD100E09AC3 /* employment */,
				BE3C0CEE1B4BAAD100E09AC3 /* employmentTests */,
			);
		};
/* End PBXProject section */

/* Begin PBXResourcesBuildPhase section */
		BE3C0CD41B4BAAD100E09AC3 /* Resources */ = {
			isa = PBXResourcesBuildPhase;
			buildActionMask = 2147483647;
			files = (
				BEB136601B4BAC0D001408A5 /* nyc.png in Resources */,
				BE3C0CE51B4BAAD100E09AC3 /* Main.storyboard in Resources */,
				BE3C0CEA1B4BAAD100E09AC3 /* LaunchScreen.xib in Resources */,
				BE3C0CE71B4BAAD100E09AC3 /* Images.xcassets in Resources */,
			);
			runOnlyForDeploymentPostprocessing = 0;
		};
		BE3C0CED1B4BAAD100E09AC3 /* Resources */ = {
			isa = PBXResourcesBuildPhase;
			buildActionMask = 2147483647;
			files = (
			);
			runOnlyForDeploymentPostprocessing = 0;
		};
/* End PBXResourcesBuildPhase section */

/* Begin PBXShellScriptBuildPhase section */
		0211D78B29AB85087C498B1E /* Check Pods Manifest.lock */ = {
			isa = PBXShellScriptBuildPhase;
			buildActionMask = 2147483647;
			files = (
			);
			inputPaths = (
			);
			name = "Check Pods Manifest.lock";
			outputPaths = (
			);
			runOnlyForDeploymentPostprocessing = 0;
			shellPath = /bin/sh;
			shellScript = "diff \"${PODS_ROOT}/../Podfile.lock\" \"${PODS_ROOT}/Manifest.lock\" > /dev/null\nif [[ $? != 0 ]] ; then\n    cat << EOM\nerror: The sandbox is not in sync with the Podfile.lock. Run 'pod install' or update your CocoaPods installation.\nEOM\n    exit 1\nfi\n";
			showEnvVarsInLog = 0;
		};
		DAFF031F955F1638FCD0B718 /* Copy Pods Resources */ = {
			isa = PBXShellScriptBuildPhase;
			buildActionMask = 2147483647;
			files = (
			);
			inputPaths = (
			);
			name = "Copy Pods Resources";
			outputPaths = (
			);
			runOnlyForDeploymentPostprocessing = 0;
			shellPath = /bin/sh;
			shellScript = "\"${SRCROOT}/Pods/Target Support Files/Pods/Pods-resources.sh\"\n";
			showEnvVarsInLog = 0;
		};
/* End PBXShellScriptBuildPhase section */

/* Begin PBXSourcesBuildPhase section */
		BE3C0CD21B4BAAD100E09AC3 /* Sources */ = {
			isa = PBXSourcesBuildPhase;
			buildActionMask = 2147483647;
			files = (
				BEB136661B4BAD37001408A5 /* NEYearTableViewController.m in Sources */,
				BE5BC4961B4BB43100529524 /* NEMonthStat.m in Sources */,
				BE5BC4991B4BB96800529524 /* NERemoteDataHelper.m in Sources */,
				BE3C0CDF1B4BAAD100E09AC3 /* AppDelegate.m in Sources */,
				BE3C0CDC1B4BAAD100E09AC3 /* main.m in Sources */,
				BE5BC4931B4BB3F300529524 /* NEYearStat.m in Sources */,
				BE6640B91B4E0A9D00E3EEDC /* NECoreDataHelper.m in Sources */,
				BE6D8C131B4F56D100F08E70 /* NEMonthTableViewController.m in Sources */,
			);
			runOnlyForDeploymentPostprocessing = 0;
		};
		BE3C0CEB1B4BAAD100E09AC3 /* Sources */ = {
			isa = PBXSourcesBuildPhase;
			buildActionMask = 2147483647;
			files = (
				BE3C0CF61B4BAAD100E09AC3 /* employmentTests.m in Sources */,
			);
			runOnlyForDeploymentPostprocessing = 0;
		};
/* End PBXSourcesBuildPhase section */

/* Begin PBXTargetDependency section */
		BE3C0CF11B4BAAD100E09AC3 /* PBXTargetDependency */ = {
			isa = PBXTargetDependency;
			target = BE3C0CD51B4BAAD100E09AC3 /* employment */;
			targetProxy = BE3C0CF01B4BAAD100E09AC3 /* PBXContainerItemProxy */;
		};
/* End PBXTargetDependency section */

/* Begin PBXVariantGroup section */
		BE3C0CE31B4BAAD100E09AC3 /* Main.storyboard */ = {
			isa = PBXVariantGroup;
			children = (
				BE3C0CE41B4BAAD100E09AC3 /* Base */,
			);
			name = Main.storyboard;
			sourceTree = "<group>";
		};
		BE3C0CE81B4BAAD100E09AC3 /* LaunchScreen.xib */ = {
			isa = PBXVariantGroup;
			children = (
				BE3C0CE91B4BAAD100E09AC3 /* Base */,
			);
			name = LaunchScreen.xib;
			sourceTree = "<group>";
		};
/* End PBXVariantGroup section */

/* Begin XCBuildConfiguration section */
		BE3C0CF71B4BAAD100E09AC3 /* Debug */ = {
			isa = XCBuildConfiguration;
			buildSettings = {
				ALWAYS_SEARCH_USER_PATHS = NO;
				CLANG_CXX_LANGUAGE_STANDARD = "gnu++0x";
				CLANG_CXX_LIBRARY = "libc++";
				CLANG_ENABLE_MODULES = YES;
				CLANG_ENABLE_OBJC_ARC = YES;
				CLANG_WARN_BOOL_CONVERSION = YES;
				CLANG_WARN_CONSTANT_CONVERSION = YES;
				CLANG_WARN_DIRECT_OBJC_ISA_USAGE = YES_ERROR;
				CLANG_WARN_EMPTY_BODY = YES;
				CLANG_WARN_ENUM_CONVERSION = YES;
				CLANG_WARN_INT_CONVERSION = YES;
				CLANG_WARN_OBJC_ROOT_CLASS = YES_ERROR;
				CLANG_WARN_UNREACHABLE_CODE = YES;
				CLANG_WARN__DUPLICATE_METHOD_MATCH = YES;
				"CODE_SIGN_IDENTITY[sdk=iphoneos*]" = "iPhone Developer";
				COPY_PHASE_STRIP = NO;
				DEBUG_INFORMATION_FORMAT = "dwarf-with-dsym";
				ENABLE_STRICT_OBJC_MSGSEND = YES;
				GCC_C_LANGUAGE_STANDARD = gnu99;
				GCC_DYNAMIC_NO_PIC = NO;
				GCC_NO_COMMON_BLOCKS = YES;
				GCC_OPTIMIZATION_LEVEL = 0;
				GCC_PREPROCESSOR_DEFINITIONS = (
					"DEBUG=1",
					"$(inherited)",
				);
				GCC_SYMBOLS_PRIVATE_EXTERN = NO;
				GCC_WARN_64_TO_32_BIT_CONVERSION = YES;
				GCC_WARN_ABOUT_RETURN_TYPE = YES_ERROR;
				GCC_WARN_UNDECLARED_SELECTOR = YES;
				GCC_WARN_UNINITIALIZED_AUTOS = YES_AGGRESSIVE;
				GCC_WARN_UNUSED_FUNCTION = YES;
				GCC_WARN_UNUSED_VARIABLE = YES;
				IPHONEOS_DEPLOYMENT_TARGET = 6.0;
				MTL_ENABLE_DEBUG_INFO = YES;
				ONLY_ACTIVE_ARCH = YES;
				SDKROOT = iphoneos;
				TARGETED_DEVICE_FAMILY = "1,2";
			};
			name = Debug;
		};
		BE3C0CF81B4BAAD100E09AC3 /* Release */ = {
			isa = XCBuildConfiguration;
			buildSettings = {
				ALWAYS_SEARCH_USER_PATHS = NO;
				CLANG_CXX_LANGUAGE_STANDARD = "gnu++0x";
				CLANG_CXX_LIBRARY = "libc++";
				CLANG_ENABLE_MODULES = YES;
				CLANG_ENABLE_OBJC_ARC = YES;
				CLANG_WARN_BOOL_CONVERSION = YES;
				CLANG_WARN_CONSTANT_CONVERSION = YES;
				CLANG_WARN_DIRECT_OBJC_ISA_USAGE = YES_ERROR;
				CLANG_WARN_EMPTY_BODY = YES;
				CLANG_WARN_ENUM_CONVERSION = YES;
				CLANG_WARN_INT_CONVERSION = YES;
				CLANG_WARN_OBJC_ROOT_CLASS = YES_ERROR;
				CLANG_WARN_UNREACHABLE_CODE = YES;
				CLANG_WARN__DUPLICATE_METHOD_MATCH = YES;
				"CODE_SIGN_IDENTITY[sdk=iphoneos*]" = "iPhone Developer";
				COPY_PHASE_STRIP = NO;
				DEBUG_INFORMATION_FORMAT = "dwarf-with-dsym";
				ENABLE_NS_ASSERTIONS = NO;
				ENABLE_STRICT_OBJC_MSGSEND = YES;
				GCC_C_LANGUAGE_STANDARD = gnu99;
				GCC_NO_COMMON_BLOCKS = YES;
				GCC_WARN_64_TO_32_BIT_CONVERSION = YES;
				GCC_WARN_ABOUT_RETURN_TYPE = YES_ERROR;
				GCC_WARN_UNDECLARED_SELECTOR = YES;
				GCC_WARN_UNINITIALIZED_AUTOS = YES_AGGRESSIVE;
				GCC_WARN_UNUSED_FUNCTION = YES;
				GCC_WARN_UNUSED_VARIABLE = YES;
				IPHONEOS_DEPLOYMENT_TARGET = 6.0;
				MTL_ENABLE_DEBUG_INFO = NO;
				SDKROOT = iphoneos;
				TARGETED_DEVICE_FAMILY = "1,2";
				VALIDATE_PRODUCT = YES;
			};
			name = Release;
		};
		BE3C0CFA1B4BAAD100E09AC3 /* Debug */ = {
			isa = XCBuildConfiguration;
			baseConfigurationReference = C2222F19A8D661C4B098D1D9 /* Pods.debug.xcconfig */;
			buildSettings = {
				ASSETCATALOG_COMPILER_APPICON_NAME = AppIcon;
				CODE_SIGN_IDENTITY = "iPhone Developer";
				INFOPLIST_FILE = employment/Info.plist;
				LD_RUNPATH_SEARCH_PATHS = "$(inherited) @executable_path/Frameworks";
				PRODUCT_NAME = "$(TARGET_NAME)";
			};
			name = Debug;
		};
		BE3C0CFB1B4BAAD100E09AC3 /* Release */ = {
			isa = XCBuildConfiguration;
			baseConfigurationReference = D21CC505BF7B1D15D4F4059C /* Pods.release.xcconfig */;
			buildSettings = {
				ASSETCATALOG_COMPILER_APPICON_NAME = AppIcon;
				CODE_SIGN_IDENTITY = "iPhone Developer";
				INFOPLIST_FILE = employment/Info.plist;
				LD_RUNPATH_SEARCH_PATHS = "$(inherited) @executable_path/Frameworks";
				PRODUCT_NAME = "$(TARGET_NAME)";
			};
			name = Release;
		};
		BE3C0CFD1B4BAAD100E09AC3 /* Debug */ = {
			isa = XCBuildConfiguration;
			buildSettings = {
				BUNDLE_LOADER = "$(TEST_HOST)";
				FRAMEWORK_SEARCH_PATHS = (
					"$(SDKROOT)/Developer/Library/Frameworks",
					"$(inherited)",
				);
				GCC_PREPROCESSOR_DEFINITIONS = (
					"DEBUG=1",
					"$(inherited)",
				);
				INFOPLIST_FILE = employmentTests/Info.plist;
				LD_RUNPATH_SEARCH_PATHS = "$(inherited) @executable_path/Frameworks @loader_path/Frameworks";
				PRODUCT_NAME = "$(TARGET_NAME)";
				TEST_HOST = "$(BUILT_PRODUCTS_DIR)/employment.app/employment";
			};
			name = Debug;
		};
		BE3C0CFE1B4BAAD100E09AC3 /* Release */ = {
			isa = XCBuildConfiguration;
			buildSettings = {
				BUNDLE_LOADER = "$(TEST_HOST)";
				FRAMEWORK_SEARCH_PATHS = (
					"$(SDKROOT)/Developer/Library/Frameworks",
					"$(inherited)",
				);
				INFOPLIST_FILE = employmentTests/Info.plist;
				LD_RUNPATH_SEARCH_PATHS = "$(inherited) @executable_path/Frameworks @loader_path/Frameworks";
				PRODUCT_NAME = "$(TARGET_NAME)";
				TEST_HOST = "$(BUILT_PRODUCTS_DIR)/employment.app/employment";
			};
			name = Release;
		};
/* End XCBuildConfiguration section */

/* Begin XCConfigurationList section */
		BE3C0CD11B4BAAD100E09AC3 /* Build configuration list for PBXProject "employment" */ = {
			isa = XCConfigurationList;
			buildConfigurations = (
				BE3C0CF71B4BAAD100E09AC3 /* Debug */,
				BE3C0CF81B4BAAD100E09AC3 /* Release */,
			);
			defaultConfigurationIsVisible = 0;
			defaultConfigurationName = Release;
		};
		BE3C0CF91B4BAAD100E09AC3 /* Build configuration list for PBXNativeTarget "employment" */ = {
			isa = XCConfigurationList;
			buildConfigurations = (
				BE3C0CFA1B4BAAD100E09AC3 /* Debug */,
				BE3C0CFB1B4BAAD100E09AC3 /* Release */,
			);
			defaultConfigurationIsVisible = 0;
			defaultConfigurationName = Release;
		};
		BE3C0CFC1B4BAAD100E09AC3 /* Build configuration list for PBXNativeTarget "employmentTests" */ = {
			isa = XCConfigurationList;
			buildConfigurations = (
				BE3C0CFD1B4BAAD100E09AC3 /* Debug */,
				BE3C0CFE1B4BAAD100E09AC3 /* Release */,
			);
			defaultConfigurationIsVisible = 0;
			defaultConfigurationName = Release;
		};
/* End XCConfigurationList section */
	};
	rootObject = BE3C0CCE1B4BAAD100E09AC3 /* Project object */;
}
